// !$*UTF8*$!
{
	archiveVersion = 1;
	classes = {
	};
	objectVersion = 50;
	objects = {

/* Begin PBXBuildFile section */
		774EE46126F26A6F007D69D0 /* CloseTaskViewController.swift in Sources */ = {isa = PBXBuildFile; fileRef = 774EE46026F26A6F007D69D0 /* CloseTaskViewController.swift */; };
		774EE49226F37E99007D69D0 /* CreatedTaskViewModel.swift in Sources */ = {isa = PBXBuildFile; fileRef = 774EE49126F37E99007D69D0 /* CreatedTaskViewModel.swift */; };
		774EE49526F37EBD007D69D0 /* CreatedTaskCellViewModel.swift in Sources */ = {isa = PBXBuildFile; fileRef = 774EE49426F37EBD007D69D0 /* CreatedTaskCellViewModel.swift */; };
		774EE49826F37EFE007D69D0 /* CreatedTaskViewModelType.swift in Sources */ = {isa = PBXBuildFile; fileRef = 774EE49726F37EFE007D69D0 /* CreatedTaskViewModelType.swift */; };
		774EE49B26F37F1E007D69D0 /* CreatedTaskCellViewModelType.swift in Sources */ = {isa = PBXBuildFile; fileRef = 774EE49A26F37F1E007D69D0 /* CreatedTaskCellViewModelType.swift */; };
		774EE4A126F38F48007D69D0 /* CloseTaskPresenter.swift in Sources */ = {isa = PBXBuildFile; fileRef = 774EE4A026F38F48007D69D0 /* CloseTaskPresenter.swift */; };
		774EE4A426F38FAC007D69D0 /* CloseTaskInteractor.swift in Sources */ = {isa = PBXBuildFile; fileRef = 774EE4A326F38FAC007D69D0 /* CloseTaskInteractor.swift */; };
		774EE4A726F38FF8007D69D0 /* CloseTaskRouter.swift in Sources */ = {isa = PBXBuildFile; fileRef = 774EE4A626F38FF8007D69D0 /* CloseTaskRouter.swift */; };
		774EE4F626F3BFBF007D69D0 /* CloseTaskProtocols.swift in Sources */ = {isa = PBXBuildFile; fileRef = 774EE4F526F3BFBF007D69D0 /* CloseTaskProtocols.swift */; };
		77860D6126D16202007A9FBA /* AppDelegate.swift in Sources */ = {isa = PBXBuildFile; fileRef = 77860D6026D16202007A9FBA /* AppDelegate.swift */; };
		77860D6326D16202007A9FBA /* SceneDelegate.swift in Sources */ = {isa = PBXBuildFile; fileRef = 77860D6226D16202007A9FBA /* SceneDelegate.swift */; };
		77860D6B26D16202007A9FBA /* HW_4_ToDo.xcdatamodeld in Sources */ = {isa = PBXBuildFile; fileRef = 77860D6926D16202007A9FBA /* HW_4_ToDo.xcdatamodeld */; };
		77860D6D26D16204007A9FBA /* Assets.xcassets in Resources */ = {isa = PBXBuildFile; fileRef = 77860D6C26D16204007A9FBA /* Assets.xcassets */; };
		77860D7026D16204007A9FBA /* LaunchScreen.storyboard in Resources */ = {isa = PBXBuildFile; fileRef = 77860D6E26D16204007A9FBA /* LaunchScreen.storyboard */; };
		77860D7B26D16325007A9FBA /* Main.storyboard in Resources */ = {isa = PBXBuildFile; fileRef = 77860D7926D16325007A9FBA /* Main.storyboard */; };
		77860D8526D164DD007A9FBA /* CreatedTaskViewControllerCell.swift in Sources */ = {isa = PBXBuildFile; fileRef = 77860D8126D164DD007A9FBA /* CreatedTaskViewControllerCell.swift */; };
		77860D8626D164DD007A9FBA /* CreatedTaskViewController.swift in Sources */ = {isa = PBXBuildFile; fileRef = 77860D8226D164DD007A9FBA /* CreatedTaskViewController.swift */; };
		77860D8726D164DD007A9FBA /* NewTaskTableViewController.swift in Sources */ = {isa = PBXBuildFile; fileRef = 77860D8326D164DD007A9FBA /* NewTaskTableViewController.swift */; };
		77860D8826D164DD007A9FBA /* StartViewController.swift in Sources */ = {isa = PBXBuildFile; fileRef = 77860D8426D164DD007A9FBA /* StartViewController.swift */; };
		77860D8C26D16562007A9FBA /* Tasks+CoreDataClass.swift in Sources */ = {isa = PBXBuildFile; fileRef = 77860D8A26D16562007A9FBA /* Tasks+CoreDataClass.swift */; };
		77860D8D26D16562007A9FBA /* Tasks+CoreDataProperties.swift in Sources */ = {isa = PBXBuildFile; fileRef = 77860D8B26D16562007A9FBA /* Tasks+CoreDataProperties.swift */; };
		77860D9026D1662A007A9FBA /* CoreDataManager.swift in Sources */ = {isa = PBXBuildFile; fileRef = 77860D8F26D1662A007A9FBA /* CoreDataManager.swift */; };
		77860D9D26D2ACCE007A9FBA /* CloseTaskViewControllerCell.swift in Sources */ = {isa = PBXBuildFile; fileRef = 77860D9C26D2ACCE007A9FBA /* CloseTaskViewControllerCell.swift */; };
		77860DA126D2DE2B007A9FBA /* ModelTaskEdit.swift in Sources */ = {isa = PBXBuildFile; fileRef = 77860DA026D2DE2B007A9FBA /* ModelTaskEdit.swift */; };
		77860DBF26DA4D27007A9FBA /* ModelConstant.swift in Sources */ = {isa = PBXBuildFile; fileRef = 77860DBE26DA4D27007A9FBA /* ModelConstant.swift */; };
/* End PBXBuildFile section */

/* Begin PBXFileReference section */
		774EE46026F26A6F007D69D0 /* CloseTaskViewController.swift */ = {isa = PBXFileReference; fileEncoding = 4; lastKnownFileType = sourcecode.swift; path = CloseTaskViewController.swift; sourceTree = "<group>"; };
		774EE49126F37E99007D69D0 /* CreatedTaskViewModel.swift */ = {isa = PBXFileReference; lastKnownFileType = sourcecode.swift; path = CreatedTaskViewModel.swift; sourceTree = "<group>"; };
		774EE49426F37EBD007D69D0 /* CreatedTaskCellViewModel.swift */ = {isa = PBXFileReference; lastKnownFileType = sourcecode.swift; path = CreatedTaskCellViewModel.swift; sourceTree = "<group>"; };
		774EE49726F37EFE007D69D0 /* CreatedTaskViewModelType.swift */ = {isa = PBXFileReference; lastKnownFileType = sourcecode.swift; path = CreatedTaskViewModelType.swift; sourceTree = "<group>"; };
		774EE49A26F37F1E007D69D0 /* CreatedTaskCellViewModelType.swift */ = {isa = PBXFileReference; lastKnownFileType = sourcecode.swift; path = CreatedTaskCellViewModelType.swift; sourceTree = "<group>"; };
		774EE4A026F38F48007D69D0 /* CloseTaskPresenter.swift */ = {isa = PBXFileReference; lastKnownFileType = sourcecode.swift; path = CloseTaskPresenter.swift; sourceTree = "<group>"; };
		774EE4A326F38FAC007D69D0 /* CloseTaskInteractor.swift */ = {isa = PBXFileReference; lastKnownFileType = sourcecode.swift; path = CloseTaskInteractor.swift; sourceTree = "<group>"; };
		774EE4A626F38FF8007D69D0 /* CloseTaskRouter.swift */ = {isa = PBXFileReference; lastKnownFileType = sourcecode.swift; path = CloseTaskRouter.swift; sourceTree = "<group>"; };
		774EE4F526F3BFBF007D69D0 /* CloseTaskProtocols.swift */ = {isa = PBXFileReference; lastKnownFileType = sourcecode.swift; path = CloseTaskProtocols.swift; sourceTree = "<group>"; };
		77860D5D26D16202007A9FBA /* HW_4_ToDo.app */ = {isa = PBXFileReference; explicitFileType = wrapper.application; includeInIndex = 0; path = HW_4_ToDo.app; sourceTree = BUILT_PRODUCTS_DIR; };
		77860D6026D16202007A9FBA /* AppDelegate.swift */ = {isa = PBXFileReference; lastKnownFileType = sourcecode.swift; path = AppDelegate.swift; sourceTree = "<group>"; };
		77860D6226D16202007A9FBA /* SceneDelegate.swift */ = {isa = PBXFileReference; lastKnownFileType = sourcecode.swift; path = SceneDelegate.swift; sourceTree = "<group>"; };
		77860D6A26D16202007A9FBA /* HW_4_ToDo.xcdatamodel */ = {isa = PBXFileReference; lastKnownFileType = wrapper.xcdatamodel; path = HW_4_ToDo.xcdatamodel; sourceTree = "<group>"; };
		77860D6C26D16204007A9FBA /* Assets.xcassets */ = {isa = PBXFileReference; lastKnownFileType = folder.assetcatalog; path = Assets.xcassets; sourceTree = "<group>"; };
		77860D6F26D16204007A9FBA /* Base */ = {isa = PBXFileReference; lastKnownFileType = file.storyboard; name = Base; path = Base.lproj/LaunchScreen.storyboard; sourceTree = "<group>"; };
		77860D7126D16204007A9FBA /* Info.plist */ = {isa = PBXFileReference; lastKnownFileType = text.plist.xml; path = Info.plist; sourceTree = "<group>"; };
		77860D7A26D16325007A9FBA /* Base */ = {isa = PBXFileReference; lastKnownFileType = file.storyboard; name = Base; path = Base.lproj/Main.storyboard; sourceTree = "<group>"; };
		77860D8126D164DD007A9FBA /* CreatedTaskViewControllerCell.swift */ = {isa = PBXFileReference; fileEncoding = 4; lastKnownFileType = sourcecode.swift; path = CreatedTaskViewControllerCell.swift; sourceTree = "<group>"; };
		77860D8226D164DD007A9FBA /* CreatedTaskViewController.swift */ = {isa = PBXFileReference; fileEncoding = 4; lastKnownFileType = sourcecode.swift; path = CreatedTaskViewController.swift; sourceTree = "<group>"; };
		77860D8326D164DD007A9FBA /* NewTaskTableViewController.swift */ = {isa = PBXFileReference; fileEncoding = 4; lastKnownFileType = sourcecode.swift; path = NewTaskTableViewController.swift; sourceTree = "<group>"; };
		77860D8426D164DD007A9FBA /* StartViewController.swift */ = {isa = PBXFileReference; fileEncoding = 4; lastKnownFileType = sourcecode.swift; path = StartViewController.swift; sourceTree = "<group>"; };
		77860D8A26D16562007A9FBA /* Tasks+CoreDataClass.swift */ = {isa = PBXFileReference; lastKnownFileType = sourcecode.swift; path = "Tasks+CoreDataClass.swift"; sourceTree = "<group>"; };
		77860D8B26D16562007A9FBA /* Tasks+CoreDataProperties.swift */ = {isa = PBXFileReference; lastKnownFileType = sourcecode.swift; path = "Tasks+CoreDataProperties.swift"; sourceTree = "<group>"; };
		77860D8F26D1662A007A9FBA /* CoreDataManager.swift */ = {isa = PBXFileReference; lastKnownFileType = sourcecode.swift; path = CoreDataManager.swift; sourceTree = "<group>"; };
		77860D9C26D2ACCE007A9FBA /* CloseTaskViewControllerCell.swift */ = {isa = PBXFileReference; lastKnownFileType = sourcecode.swift; path = CloseTaskViewControllerCell.swift; sourceTree = "<group>"; };
		77860DA026D2DE2B007A9FBA /* ModelTaskEdit.swift */ = {isa = PBXFileReference; lastKnownFileType = sourcecode.swift; path = ModelTaskEdit.swift; sourceTree = "<group>"; };
		77860DBE26DA4D27007A9FBA /* ModelConstant.swift */ = {isa = PBXFileReference; lastKnownFileType = sourcecode.swift; path = ModelConstant.swift; sourceTree = "<group>"; };
/* End PBXFileReference section */

/* Begin PBXFrameworksBuildPhase section */
		77860D5A26D16202007A9FBA /* Frameworks */ = {
			isa = PBXFrameworksBuildPhase;
			buildActionMask = 2147483647;
			files = (
			);
			runOnlyForDeploymentPostprocessing = 0;
		};
/* End PBXFrameworksBuildPhase section */

/* Begin PBXGroup section */
		774EE45826F26990007D69D0 /* MVC */ = {
			isa = PBXGroup;
			children = (
				77860D7D26D16355007A9FBA /* Models */,
				77860D7E26D1635F007A9FBA /* Views */,
				77860D7F26D16371007A9FBA /* Controllers */,
			);
			path = MVC;
			sourceTree = "<group>";
		};
		774EE46326F26CE8007D69D0 /* MVVM */ = {
			isa = PBXGroup;
			children = (
				774EE46926F26EE1007D69D0 /* Model */,
				774EE46826F26EDB007D69D0 /* View */,
				774EE46626F26E95007D69D0 /* ViewModel */,
				774EE46726F26EA5007D69D0 /* Protocols */,
			);
			path = MVVM;
			sourceTree = "<group>";
		};
		774EE46426F26CFA007D69D0 /* VIPER */ = {
			isa = PBXGroup;
			children = (
				774EE46026F26A6F007D69D0 /* CloseTaskViewController.swift */,
				77860D9C26D2ACCE007A9FBA /* CloseTaskViewControllerCell.swift */,
				774EE4A626F38FF8007D69D0 /* CloseTaskRouter.swift */,
				774EE4A326F38FAC007D69D0 /* CloseTaskInteractor.swift */,
				774EE4A026F38F48007D69D0 /* CloseTaskPresenter.swift */,
				774EE4F526F3BFBF007D69D0 /* CloseTaskProtocols.swift */,
			);
			path = VIPER;
			sourceTree = "<group>";
		};
		774EE46626F26E95007D69D0 /* ViewModel */ = {
			isa = PBXGroup;
			children = (
				774EE49126F37E99007D69D0 /* CreatedTaskViewModel.swift */,
				774EE49426F37EBD007D69D0 /* CreatedTaskCellViewModel.swift */,
			);
			path = ViewModel;
			sourceTree = "<group>";
		};
		774EE46726F26EA5007D69D0 /* Protocols */ = {
			isa = PBXGroup;
			children = (
				774EE49726F37EFE007D69D0 /* CreatedTaskViewModelType.swift */,
				774EE49A26F37F1E007D69D0 /* CreatedTaskCellViewModelType.swift */,
			);
			path = Protocols;
			sourceTree = "<group>";
		};
		774EE46826F26EDB007D69D0 /* View */ = {
			isa = PBXGroup;
			children = (
				77860D8226D164DD007A9FBA /* CreatedTaskViewController.swift */,
				77860D8126D164DD007A9FBA /* CreatedTaskViewControllerCell.swift */,
			);
			path = View;
			sourceTree = "<group>";
		};
		774EE46926F26EE1007D69D0 /* Model */ = {
			isa = PBXGroup;
			children = (
				77860D8B26D16562007A9FBA /* Tasks+CoreDataProperties.swift */,
				77860D8A26D16562007A9FBA /* Tasks+CoreDataClass.swift */,
			);
			path = Model;
			sourceTree = "<group>";
		};
		77860D5426D16202007A9FBA = {
			isa = PBXGroup;
			children = (
				77860D5F26D16202007A9FBA /* HW_4_ToDo */,
				77860D5E26D16202007A9FBA /* Products */,
			);
			sourceTree = "<group>";
		};
		77860D5E26D16202007A9FBA /* Products */ = {
			isa = PBXGroup;
			children = (
				77860D5D26D16202007A9FBA /* HW_4_ToDo.app */,
			);
			name = Products;
			sourceTree = "<group>";
		};
		77860D5F26D16202007A9FBA /* HW_4_ToDo */ = {
			isa = PBXGroup;
			children = (
				774EE45826F26990007D69D0 /* MVC */,
				774EE46326F26CE8007D69D0 /* MVVM */,
				774EE46426F26CFA007D69D0 /* VIPER */,
				77860D6026D16202007A9FBA /* AppDelegate.swift */,
				77860D6226D16202007A9FBA /* SceneDelegate.swift */,
				77860D6C26D16204007A9FBA /* Assets.xcassets */,
				77860D7126D16204007A9FBA /* Info.plist */,
				77860D6926D16202007A9FBA /* HW_4_ToDo.xcdatamodeld */,
			);
			path = HW_4_ToDo;
			sourceTree = "<group>";
		};
		77860D7D26D16355007A9FBA /* Models */ = {
			isa = PBXGroup;
			children = (
				77860DA026D2DE2B007A9FBA /* ModelTaskEdit.swift */,
				77860DBE26DA4D27007A9FBA /* ModelConstant.swift */,
				77860D8F26D1662A007A9FBA /* CoreDataManager.swift */,
			);
			path = Models;
			sourceTree = "<group>";
		};
		77860D7E26D1635F007A9FBA /* Views */ = {
			isa = PBXGroup;
			children = (
				77860D7926D16325007A9FBA /* Main.storyboard */,
				77860D6E26D16204007A9FBA /* LaunchScreen.storyboard */,
			);
			path = Views;
			sourceTree = "<group>";
		};
		77860D7F26D16371007A9FBA /* Controllers */ = {
			isa = PBXGroup;
			children = (
				77860D8426D164DD007A9FBA /* StartViewController.swift */,
				77860D8326D164DD007A9FBA /* NewTaskTableViewController.swift */,
			);
			path = Controllers;
			sourceTree = "<group>";
		};
/* End PBXGroup section */

/* Begin PBXNativeTarget section */
		77860D5C26D16202007A9FBA /* HW_4_ToDo */ = {
			isa = PBXNativeTarget;
			buildConfigurationList = 77860D7426D16204007A9FBA /* Build configuration list for PBXNativeTarget "HW_4_ToDo" */;
			buildPhases = (
				77860D5926D16202007A9FBA /* Sources */,
				77860D5A26D16202007A9FBA /* Frameworks */,
				77860D5B26D16202007A9FBA /* Resources */,
			);
			buildRules = (
			);
			dependencies = (
			);
			name = HW_4_ToDo;
			productName = HW_4_ToDo;
			productReference = 77860D5D26D16202007A9FBA /* HW_4_ToDo.app */;
			productType = "com.apple.product-type.application";
		};
/* End PBXNativeTarget section */

/* Begin PBXProject section */
		77860D5526D16202007A9FBA /* Project object */ = {
			isa = PBXProject;
			attributes = {
				LastSwiftUpdateCheck = 1240;
				LastUpgradeCheck = 1240;
				TargetAttributes = {
					77860D5C26D16202007A9FBA = {
						CreatedOnToolsVersion = 12.4;
					};
				};
			};
			buildConfigurationList = 77860D5826D16202007A9FBA /* Build configuration list for PBXProject "HW_4_ToDo" */;
			compatibilityVersion = "Xcode 9.3";
			developmentRegion = en;
			hasScannedForEncodings = 0;
			knownRegions = (
				en,
				Base,
			);
			mainGroup = 77860D5426D16202007A9FBA;
			productRefGroup = 77860D5E26D16202007A9FBA /* Products */;
			projectDirPath = "";
			projectRoot = "";
			targets = (
				77860D5C26D16202007A9FBA /* HW_4_ToDo */,
			);
		};
/* End PBXProject section */

/* Begin PBXResourcesBuildPhase section */
		77860D5B26D16202007A9FBA /* Resources */ = {
			isa = PBXResourcesBuildPhase;
			buildActionMask = 2147483647;
			files = (
				77860D7B26D16325007A9FBA /* Main.storyboard in Resources */,
				77860D7026D16204007A9FBA /* LaunchScreen.storyboard in Resources */,
				77860D6D26D16204007A9FBA /* Assets.xcassets in Resources */,
			);
			runOnlyForDeploymentPostprocessing = 0;
		};
/* End PBXResourcesBuildPhase section */

/* Begin PBXSourcesBuildPhase section */
		77860D5926D16202007A9FBA /* Sources */ = {
			isa = PBXSourcesBuildPhase;
			buildActionMask = 2147483647;
			files = (
				774EE49B26F37F1E007D69D0 /* CreatedTaskCellViewModelType.swift in Sources */,
				774EE4A126F38F48007D69D0 /* CloseTaskPresenter.swift in Sources */,
				774EE4A426F38FAC007D69D0 /* CloseTaskInteractor.swift in Sources */,
				774EE49526F37EBD007D69D0 /* CreatedTaskCellViewModel.swift in Sources */,
				774EE46126F26A6F007D69D0 /* CloseTaskViewController.swift in Sources */,
				77860DA126D2DE2B007A9FBA /* ModelTaskEdit.swift in Sources */,
				77860D8726D164DD007A9FBA /* NewTaskTableViewController.swift in Sources */,
				77860D8826D164DD007A9FBA /* StartViewController.swift in Sources */,
				77860D8526D164DD007A9FBA /* CreatedTaskViewControllerCell.swift in Sources */,
				77860D9D26D2ACCE007A9FBA /* CloseTaskViewControllerCell.swift in Sources */,
				774EE4A726F38FF8007D69D0 /* CloseTaskRouter.swift in Sources */,
				77860D8626D164DD007A9FBA /* CreatedTaskViewController.swift in Sources */,
				77860D6B26D16202007A9FBA /* HW_4_ToDo.xcdatamodeld in Sources */,
				77860D6126D16202007A9FBA /* AppDelegate.swift in Sources */,
				77860D8C26D16562007A9FBA /* Tasks+CoreDataClass.swift in Sources */,
				774EE49826F37EFE007D69D0 /* CreatedTaskViewModelType.swift in Sources */,
				77860D6326D16202007A9FBA /* SceneDelegate.swift in Sources */,
				77860DBF26DA4D27007A9FBA /* ModelConstant.swift in Sources */,
				77860D9026D1662A007A9FBA /* CoreDataManager.swift in Sources */,
				774EE4F626F3BFBF007D69D0 /* CloseTaskProtocols.swift in Sources */,
				774EE49226F37E99007D69D0 /* CreatedTaskViewModel.swift in Sources */,
				77860D8D26D16562007A9FBA /* Tasks+CoreDataProperties.swift in Sources */,
			);
			runOnlyForDeploymentPostprocessing = 0;
		};
/* End PBXSourcesBuildPhase section */

/* Begin PBXVariantGroup section */
		77860D6E26D16204007A9FBA /* LaunchScreen.storyboard */ = {
			isa = PBXVariantGroup;
			children = (
				77860D6F26D16204007A9FBA /* Base */,
			);
			name = LaunchScreen.storyboard;
			sourceTree = "<group>";
		};
		77860D7926D16325007A9FBA /* Main.storyboard */ = {
			isa = PBXVariantGroup;
			children = (
				77860D7A26D16325007A9FBA /* Base */,
			);
			name = Main.storyboard;
			sourceTree = "<group>";
		};
/* End PBXVariantGroup section */

/* Begin XCBuildConfiguration section */
		77860D7226D16204007A9FBA /* Debug */ = {
			isa = XCBuildConfiguration;
			buildSettings = {
				ALWAYS_SEARCH_USER_PATHS = NO;
				CLANG_ANALYZER_NONNULL = YES;
				CLANG_ANALYZER_NUMBER_OBJECT_CONVERSION = YES_AGGRESSIVE;
				CLANG_CXX_LANGUAGE_STANDARD = "gnu++14";
				CLANG_CXX_LIBRARY = "libc++";
				CLANG_ENABLE_MODULES = YES;
				CLANG_ENABLE_OBJC_ARC = YES;
				CLANG_ENABLE_OBJC_WEAK = YES;
				CLANG_WARN_BLOCK_CAPTURE_AUTORELEASING = YES;
				CLANG_WARN_BOOL_CONVERSION = YES;
				CLANG_WARN_COMMA = YES;
				CLANG_WARN_CONSTANT_CONVERSION = YES;
				CLANG_WARN_DEPRECATED_OBJC_IMPLEMENTATIONS = YES;
				CLANG_WARN_DIRECT_OBJC_ISA_USAGE = YES_ERROR;
				CLANG_WARN_DOCUMENTATION_COMMENTS = YES;
				CLANG_WARN_EMPTY_BODY = YES;
				CLANG_WARN_ENUM_CONVERSION = YES;
				CLANG_WARN_INFINITE_RECURSION = YES;
				CLANG_WARN_INT_CONVERSION = YES;
				CLANG_WARN_NON_LITERAL_NULL_CONVERSION = YES;
				CLANG_WARN_OBJC_IMPLICIT_RETAIN_SELF = YES;
				CLANG_WARN_OBJC_LITERAL_CONVERSION = YES;
				CLANG_WARN_OBJC_ROOT_CLASS = YES_ERROR;
				CLANG_WARN_QUOTED_INCLUDE_IN_FRAMEWORK_HEADER = YES;
				CLANG_WARN_RANGE_LOOP_ANALYSIS = YES;
				CLANG_WARN_STRICT_PROTOTYPES = YES;
				CLANG_WARN_SUSPICIOUS_MOVE = YES;
				CLANG_WARN_UNGUARDED_AVAILABILITY = YES_AGGRESSIVE;
				CLANG_WARN_UNREACHABLE_CODE = YES;
				CLANG_WARN__DUPLICATE_METHOD_MATCH = YES;
				COPY_PHASE_STRIP = NO;
				DEBUG_INFORMATION_FORMAT = dwarf;
				ENABLE_STRICT_OBJC_MSGSEND = YES;
				ENABLE_TESTABILITY = YES;
				GCC_C_LANGUAGE_STANDARD = gnu11;
				GCC_DYNAMIC_NO_PIC = NO;
				GCC_NO_COMMON_BLOCKS = YES;
				GCC_OPTIMIZATION_LEVEL = 0;
				GCC_PREPROCESSOR_DEFINITIONS = (
					"DEBUG=1",
					"$(inherited)",
				);
				GCC_WARN_64_TO_32_BIT_CONVERSION = YES;
				GCC_WARN_ABOUT_RETURN_TYPE = YES_ERROR;
				GCC_WARN_UNDECLARED_SELECTOR = YES;
				GCC_WARN_UNINITIALIZED_AUTOS = YES_AGGRESSIVE;
				GCC_WARN_UNUSED_FUNCTION = YES;
				GCC_WARN_UNUSED_VARIABLE = YES;
				IPHONEOS_DEPLOYMENT_TARGET = 14.4;
				MTL_ENABLE_DEBUG_INFO = INCLUDE_SOURCE;
				MTL_FAST_MATH = YES;
				ONLY_ACTIVE_ARCH = YES;
				SDKROOT = iphoneos;
				SWIFT_ACTIVE_COMPILATION_CONDITIONS = DEBUG;
				SWIFT_OPTIMIZATION_LEVEL = "-Onone";
			};
			name = Debug;
		};
		77860D7326D16204007A9FBA /* Release */ = {
			isa = XCBuildConfiguration;
			buildSettings = {
				ALWAYS_SEARCH_USER_PATHS = NO;
				CLANG_ANALYZER_NONNULL = YES;
				CLANG_ANALYZER_NUMBER_OBJECT_CONVERSION = YES_AGGRESSIVE;
				CLANG_CXX_LANGUAGE_STANDARD = "gnu++14";
				CLANG_CXX_LIBRARY = "libc++";
				CLANG_ENABLE_MODULES = YES;
				CLANG_ENABLE_OBJC_ARC = YES;
				CLANG_ENABLE_OBJC_WEAK = YES;
				CLANG_WARN_BLOCK_CAPTURE_AUTORELEASING = YES;
				CLANG_WARN_BOOL_CONVERSION = YES;
				CLANG_WARN_COMMA = YES;
				CLANG_WARN_CONSTANT_CONVERSION = YES;
				CLANG_WARN_DEPRECATED_OBJC_IMPLEMENTATIONS = YES;
				CLANG_WARN_DIRECT_OBJC_ISA_USAGE = YES_ERROR;
				CLANG_WARN_DOCUMENTATION_COMMENTS = YES;
				CLANG_WARN_EMPTY_BODY = YES;
				CLANG_WARN_ENUM_CONVERSION = YES;
				CLANG_WARN_INFINITE_RECURSION = YES;
				CLANG_WARN_INT_CONVERSION = YES;
				CLANG_WARN_NON_LITERAL_NULL_CONVERSION = YES;
				CLANG_WARN_OBJC_IMPLICIT_RETAIN_SELF = YES;
				CLANG_WARN_OBJC_LITERAL_CONVERSION = YES;
				CLANG_WARN_OBJC_ROOT_CLASS = YES_ERROR;
				CLANG_WARN_QUOTED_INCLUDE_IN_FRAMEWORK_HEADER = YES;
				CLANG_WARN_RANGE_LOOP_ANALYSIS = YES;
				CLANG_WARN_STRICT_PROTOTYPES = YES;
				CLANG_WARN_SUSPICIOUS_MOVE = YES;
				CLANG_WARN_UNGUARDED_AVAILABILITY = YES_AGGRESSIVE;
				CLANG_WARN_UNREACHABLE_CODE = YES;
				CLANG_WARN__DUPLICATE_METHOD_MATCH = YES;
				COPY_PHASE_STRIP = NO;
				DEBUG_INFORMATION_FORMAT = "dwarf-with-dsym";
				ENABLE_NS_ASSERTIONS = NO;
				ENABLE_STRICT_OBJC_MSGSEND = YES;
				GCC_C_LANGUAGE_STANDARD = gnu11;
				GCC_NO_COMMON_BLOCKS = YES;
				GCC_WARN_64_TO_32_BIT_CONVERSION = YES;
				GCC_WARN_ABOUT_RETURN_TYPE = YES_ERROR;
				GCC_WARN_UNDECLARED_SELECTOR = YES;
				GCC_WARN_UNINITIALIZED_AUTOS = YES_AGGRESSIVE;
				GCC_WARN_UNUSED_FUNCTION = YES;
				GCC_WARN_UNUSED_VARIABLE = YES;
				IPHONEOS_DEPLOYMENT_TARGET = 14.4;
				MTL_ENABLE_DEBUG_INFO = NO;
				MTL_FAST_MATH = YES;
				SDKROOT = iphoneos;
				SWIFT_COMPILATION_MODE = wholemodule;
				SWIFT_OPTIMIZATION_LEVEL = "-O";
				VALIDATE_PRODUCT = YES;
			};
			name = Release;
		};
		77860D7526D16204007A9FBA /* Debug */ = {
			isa = XCBuildConfiguration;
			buildSettings = {
				ASSETCATALOG_COMPILER_APPICON_NAME = AppIcon;
				ASSETCATALOG_COMPILER_GLOBAL_ACCENT_COLOR_NAME = AccentColor;
				CODE_SIGN_STYLE = Automatic;
				DEVELOPMENT_TEAM = P6CDZ5KF89;
				INFOPLIST_FILE = HW_4_ToDo/Info.plist;
				LD_RUNPATH_SEARCH_PATHS = (
					"$(inherited)",
					"@executable_path/Frameworks",
				);
				PRODUCT_BUNDLE_IDENTIFIER = "Olga-Novikova.HW-4-ToDo";
				PRODUCT_NAME = "$(TARGET_NAME)";
				SWIFT_VERSION = 5.0;
				TARGETED_DEVICE_FAMILY = "1,2";
			};
			name = Debug;
		};
		77860D7626D16204007A9FBA /* Release */ = {
			isa = XCBuildConfiguration;
			buildSettings = {
				ASSETCATALOG_COMPILER_APPICON_NAME = AppIcon;
				ASSETCATALOG_COMPILER_GLOBAL_ACCENT_COLOR_NAME = AccentColor;
				CODE_SIGN_STYLE = Automatic;
				DEVELOPMENT_TEAM = P6CDZ5KF89;
				INFOPLIST_FILE = HW_4_ToDo/Info.plist;
				LD_RUNPATH_SEARCH_PATHS = (
					"$(inherited)",
					"@executable_path/Frameworks",
				);
				PRODUCT_BUNDLE_IDENTIFIER = "Olga-Novikova.HW-4-ToDo";
				PRODUCT_NAME = "$(TARGET_NAME)";
				SWIFT_VERSION = 5.0;
				TARGETED_DEVICE_FAMILY = "1,2";
			};
			name = Release;
		};
/* End XCBuildConfiguration section */

/* Begin XCConfigurationList section */
		77860D5826D16202007A9FBA /* Build configuration list for PBXProject "HW_4_ToDo" */ = {
			isa = XCConfigurationList;
			buildConfigurations = (
				77860D7226D16204007A9FBA /* Debug */,
				77860D7326D16204007A9FBA /* Release */,
			);
			defaultConfigurationIsVisible = 0;
			defaultConfigurationName = Release;
		};
		77860D7426D16204007A9FBA /* Build configuration list for PBXNativeTarget "HW_4_ToDo" */ = {
			isa = XCConfigurationList;
			buildConfigurations = (
				77860D7526D16204007A9FBA /* Debug */,
				77860D7626D16204007A9FBA /* Release */,
			);
			defaultConfigurationIsVisible = 0;
			defaultConfigurationName = Release;
		};
/* End XCConfigurationList section */

/* Begin XCVersionGroup section */
		77860D6926D16202007A9FBA /* HW_4_ToDo.xcdatamodeld */ = {
			isa = XCVersionGroup;
			children = (
				77860D6A26D16202007A9FBA /* HW_4_ToDo.xcdatamodel */,
			);
			currentVersion = 77860D6A26D16202007A9FBA /* HW_4_ToDo.xcdatamodel */;
			path = HW_4_ToDo.xcdatamodeld;
			sourceTree = "<group>";
			versionGroupType = wrapper.xcdatamodel;
		};
/* End XCVersionGroup section */
	};
	rootObject = 77860D5526D16202007A9FBA /* Project object */;
}
